
Microsoft Visual Studio Solution File, Format Version 12.00
# Visual Studio Version 17
VisualStudioVersion = 17.5.33530.505
MinimumVisualStudioVersion = 10.0.40219.1
Project("{FAE04EC0-301F-11D3-BF4B-00C04F79EFBC}") = "clauth", "clauth\clauth.csproj", "{8C95F3C7-578C-4491-9333-48C74A0D010B}"
EndProject
Global
	GlobalSection(SolutionConfigurationPlatforms) = preSolution
		Debug|Any CPU = Debug|Any CPU
		Release|Any CPU = Release|Any CPU
	EndGlobalSection
	GlobalSection(ProjectConfigurationPlatforms) = postSolution
		{8C95F3C7-578C-4491-9333-48C74A0D010B}.Debug|Any CPU.ActiveCfg = Debug|Any CPU
		{8C95F3C7-578C-4491-9333-48C74A0D010B}.Debug|Any CPU.Build.0 = Debug|Any CPU
		{8C95F3C7-578C-4491-9333-48C74A0D010B}.Release|Any CPU.ActiveCfg = Release|Any CPU
		{8C95F3C7-578C-4491-9333-48C74A0D010B}.Release|Any CPU.Build.0 = Release|Any CPU
	EndGlobalSection
	GlobalSection(SolutionProperties) = preSolution
		HideSolutionNode = FALSE
	EndGlobalSection
	GlobalSection(ExtensibilityGlobals) = postSolution
		SolutionGuid = {8FBCB3A3-452B-4B4A-A5E4-21944B4659C5}
	EndGlobalSection
EndGlobal
